
Microsoft Visual Studio Solution File, Format Version 12.00
# Visual Studio Version 16
VisualStudioVersion = 16.0.31515.178
MinimumVisualStudioVersion = 10.0.40219.1
Project("{FAE04EC0-301F-11D3-BF4B-00C04F79EFBC}") = "C++++", "C++++.csproj", "{C6CB9EB5-5D4A-4D85-A49B-7AE7AA5218EC}"
EndProject
Global
	GlobalSection(SolutionConfigurationPlatforms) = preSolution
		Debug|Any CPU = Debug|Any CPU
		Release|Any CPU = Release|Any CPU
	EndGlobalSection
	GlobalSection(ProjectConfigurationPlatforms) = postSolution
		{C6CB9EB5-5D4A-4D85-A49B-7AE7AA5218EC}.Debug|Any CPU.ActiveCfg = Debug|Any CPU
		{C6CB9EB5-5D4A-4D85-A49B-7AE7AA5218EC}.Debug|Any CPU.Build.0 = Debug|Any CPU
		{C6CB9EB5-5D4A-4D85-A49B-7AE7AA5218EC}.Release|Any CPU.ActiveCfg = Release|Any CPU
		{C6CB9EB5-5D4A-4D85-A49B-7AE7AA5218EC}.Release|Any CPU.Build.0 = Release|Any CPU
	EndGlobalSection
	GlobalSection(SolutionProperties) = preSolution
		HideSolutionNode = FALSE
	EndGlobalSection
	GlobalSection(ExtensibilityGlobals) = postSolution
		SolutionGuid = {76F3AF29-E873-4203-B2D5-4C4B33B71E6D}
	EndGlobalSection
EndGlobal
